
Microsoft Visual Studio Solution File, Format Version 12.00
# Visual Studio Version 16
VisualStudioVersion = 16.0.30804.86
MinimumVisualStudioVersion = 10.0.40219.1
Project("{2150E333-8FDC-42A3-9474-1A3956D46DE8}") = "02_Presentation", "02_Presentation", "{5C26E0F7-FB43-4501-A3DB-15185CF3CBCA}"
EndProject
Project("{2150E333-8FDC-42A3-9474-1A3956D46DE8}") = "03_Domain", "03_Domain", "{C4E8D597-543A-413D-BC0F-509AFF8889F8}"
EndProject
Project("{2150E333-8FDC-42A3-9474-1A3956D46DE8}") = "04_Accesses", "04_Accesses", "{E12A16BE-DA9F-4F2C-A7F0-EA9C92D33235}"
EndProject
Project("{2150E333-8FDC-42A3-9474-1A3956D46DE8}") = "07_Tests", "07_Tests", "{668A0B52-00CC-45AA-870E-524A26D7768F}"
EndProject
Project("{2150E333-8FDC-42A3-9474-1A3956D46DE8}") = "05_Persistance", "05_Persistance", "{BE0C0A6A-1A4F-4293-83B2-57B367205E1C}"
EndProject
Project("{2150E333-8FDC-42A3-9474-1A3956D46DE8}") = "08_Deployment", "08_Deployment", "{3DCCA214-4719-48A2-B971-B3CA88023FA7}"
	ProjectSection(SolutionItems) = preProject
		GthubActions.yml = GthubActions.yml
	EndProjectSection
EndProject
Project("{2150E333-8FDC-42A3-9474-1A3956D46DE8}") = "00_Solution", "00_Solution", "{FCFDC450-6299-46F0-BE64-4BC42779FB90}"
	ProjectSection(SolutionItems) = preProject
		.editorconfig = .editorconfig
		..\README.md = ..\README.md
	EndProjectSection
EndProject
Project("{9A19103F-16F7-4668-BE54-9A1E7A4F7556}") = "EdwardSolutionTemplate.Domain", "EdwardSolutionTemplate.Domain\EdwardSolutionTemplate.Domain.csproj", "{92261329-1791-4794-94D3-31067E1D0166}"
EndProject
Project("{9A19103F-16F7-4668-BE54-9A1E7A4F7556}") = "EdwardSolutionTemplate.Accesses.EF", "EdwardSolutionTemplate.Accesses.EF\EdwardSolutionTemplate.Accesses.EF.csproj", "{F895BB4D-213E-4087-8A44-699DFB77A0B3}"
EndProject
Project("{9A19103F-16F7-4668-BE54-9A1E7A4F7556}") = "EdwardSolutionTemplate.Tests", "EdwardSolutionTemplate.Tests\EdwardSolutionTemplate.Tests.csproj", "{B80E5DC0-01B7-425C-B84C-76F18F8429B1}"
EndProject
Project("{2150E333-8FDC-42A3-9474-1A3956D46DE8}") = "01_Documents", "01_Documents", "{B1385379-4218-4F77-A247-E31E923E6942}"
EndProject
Project("{2150E333-8FDC-42A3-9474-1A3956D46DE8}") = "06_Utilities And Extensions", "06_Utilities And Extensions", "{633A6499-8489-4281-ADE2-EA3C5E071186}"
EndProject
Project("{FAE04EC0-301F-11D3-BF4B-00C04F79EFBC}") = "EdwardSolutionTemplate.API", "EdwardSolutionTemplate.API\EdwardSolutionTemplate.API.csproj", "{823C210B-C974-42B8-A971-DFE882B92135}"
EndProject
Project("{FAE04EC0-301F-11D3-BF4B-00C04F79EFBC}") = "EdwardSolutionTemplate.Extensions", "EdwardSolutionTemplate.Extensions\EdwardSolutionTemplate.Extensions.csproj", "{1F360E2F-6001-416F-9B1E-6B0DFDBA02CF}"
EndProject
Project("{FAE04EC0-301F-11D3-BF4B-00C04F79EFBC}") = "EdwardSolutionTemplate.Utilities", "EdwardSolutionTemplate.Utilities\EdwardSolutionTemplate.Utilities.csproj", "{FAA08375-A73F-4F42-9238-F0781C80BC40}"
EndProject
Global
	GlobalSection(SolutionConfigurationPlatforms) = preSolution
		Debug|Any CPU = Debug|Any CPU
		Release|Any CPU = Release|Any CPU
	EndGlobalSection
	GlobalSection(ProjectConfigurationPlatforms) = postSolution
		{92261329-1791-4794-94D3-31067E1D0166}.Debug|Any CPU.ActiveCfg = Debug|Any CPU
		{92261329-1791-4794-94D3-31067E1D0166}.Debug|Any CPU.Build.0 = Debug|Any CPU
		{92261329-1791-4794-94D3-31067E1D0166}.Release|Any CPU.ActiveCfg = Release|Any CPU
		{92261329-1791-4794-94D3-31067E1D0166}.Release|Any CPU.Build.0 = Release|Any CPU
		{F895BB4D-213E-4087-8A44-699DFB77A0B3}.Debug|Any CPU.ActiveCfg = Debug|Any CPU
		{F895BB4D-213E-4087-8A44-699DFB77A0B3}.Debug|Any CPU.Build.0 = Debug|Any CPU
		{F895BB4D-213E-4087-8A44-699DFB77A0B3}.Release|Any CPU.ActiveCfg = Release|Any CPU
		{F895BB4D-213E-4087-8A44-699DFB77A0B3}.Release|Any CPU.Build.0 = Release|Any CPU
		{B80E5DC0-01B7-425C-B84C-76F18F8429B1}.Debug|Any CPU.ActiveCfg = Debug|Any CPU
		{B80E5DC0-01B7-425C-B84C-76F18F8429B1}.Debug|Any CPU.Build.0 = Debug|Any CPU
		{B80E5DC0-01B7-425C-B84C-76F18F8429B1}.Release|Any CPU.ActiveCfg = Release|Any CPU
		{B80E5DC0-01B7-425C-B84C-76F18F8429B1}.Release|Any CPU.Build.0 = Release|Any CPU
		{823C210B-C974-42B8-A971-DFE882B92135}.Debug|Any CPU.ActiveCfg = Debug|Any CPU
		{823C210B-C974-42B8-A971-DFE882B92135}.Debug|Any CPU.Build.0 = Debug|Any CPU
		{823C210B-C974-42B8-A971-DFE882B92135}.Release|Any CPU.ActiveCfg = Release|Any CPU
		{823C210B-C974-42B8-A971-DFE882B92135}.Release|Any CPU.Build.0 = Release|Any CPU
		{1F360E2F-6001-416F-9B1E-6B0DFDBA02CF}.Debug|Any CPU.ActiveCfg = Debug|Any CPU
		{1F360E2F-6001-416F-9B1E-6B0DFDBA02CF}.Debug|Any CPU.Build.0 = Debug|Any CPU
		{1F360E2F-6001-416F-9B1E-6B0DFDBA02CF}.Release|Any CPU.ActiveCfg = Release|Any CPU
		{1F360E2F-6001-416F-9B1E-6B0DFDBA02CF}.Release|Any CPU.Build.0 = Release|Any CPU
		{FAA08375-A73F-4F42-9238-F0781C80BC40}.Debug|Any CPU.ActiveCfg = Debug|Any CPU
		{FAA08375-A73F-4F42-9238-F0781C80BC40}.Debug|Any CPU.Build.0 = Debug|Any CPU
		{FAA08375-A73F-4F42-9238-F0781C80BC40}.Release|Any CPU.ActiveCfg = Release|Any CPU
		{FAA08375-A73F-4F42-9238-F0781C80BC40}.Release|Any CPU.Build.0 = Release|Any CPU
	EndGlobalSection
	GlobalSection(SolutionProperties) = preSolution
		HideSolutionNode = FALSE
	EndGlobalSection
	GlobalSection(NestedProjects) = preSolution
		{92261329-1791-4794-94D3-31067E1D0166} = {C4E8D597-543A-413D-BC0F-509AFF8889F8}
		{F895BB4D-213E-4087-8A44-699DFB77A0B3} = {E12A16BE-DA9F-4F2C-A7F0-EA9C92D33235}
		{B80E5DC0-01B7-425C-B84C-76F18F8429B1} = {668A0B52-00CC-45AA-870E-524A26D7768F}
		{823C210B-C974-42B8-A971-DFE882B92135} = {5C26E0F7-FB43-4501-A3DB-15185CF3CBCA}
		{1F360E2F-6001-416F-9B1E-6B0DFDBA02CF} = {633A6499-8489-4281-ADE2-EA3C5E071186}
		{FAA08375-A73F-4F42-9238-F0781C80BC40} = {633A6499-8489-4281-ADE2-EA3C5E071186}
	EndGlobalSection
	GlobalSection(ExtensibilityGlobals) = postSolution
		SolutionGuid = {24DBB044-DBED-4A3C-B3DE-3D7AE4CE23FE}
	EndGlobalSection
EndGlobal
